
Microsoft Visual Studio Solution File, Format Version 12.00
# Visual Studio 14
VisualStudioVersion = 14.0.23107.0
MinimumVisualStudioVersion = 10.0.40219.1
Project("{FAE04EC0-301F-11D3-BF4B-00C04F79EFBC}") = "ClassModifier", "ClassModifier\ClassModifier\ClassModifier.csproj", "{D8C52FEC-8668-4F1C-8CC2-8F4D671293E5}"
EndProject
Project("{FAE04EC0-301F-11D3-BF4B-00C04F79EFBC}") = "ClassModifier.Vsix", "ClassModifier\ClassModifier.Vsix\ClassModifier.Vsix.csproj", "{F3ADDC17-F416-4764-BFE0-82D93BC18786}"
EndProject
Global
	GlobalSection(SolutionConfigurationPlatforms) = preSolution
		Debug|Any CPU = Debug|Any CPU
		Release|Any CPU = Release|Any CPU
	EndGlobalSection
	GlobalSection(ProjectConfigurationPlatforms) = postSolution
		{D8C52FEC-8668-4F1C-8CC2-8F4D671293E5}.Debug|Any CPU.ActiveCfg = Debug|Any CPU
		{D8C52FEC-8668-4F1C-8CC2-8F4D671293E5}.Debug|Any CPU.Build.0 = Debug|Any CPU
		{D8C52FEC-8668-4F1C-8CC2-8F4D671293E5}.Release|Any CPU.ActiveCfg = Release|Any CPU
		{D8C52FEC-8668-4F1C-8CC2-8F4D671293E5}.Release|Any CPU.Build.0 = Release|Any CPU
		{F3ADDC17-F416-4764-BFE0-82D93BC18786}.Debug|Any CPU.ActiveCfg = Debug|Any CPU
		{F3ADDC17-F416-4764-BFE0-82D93BC18786}.Debug|Any CPU.Build.0 = Debug|Any CPU
		{F3ADDC17-F416-4764-BFE0-82D93BC18786}.Release|Any CPU.ActiveCfg = Release|Any CPU
		{F3ADDC17-F416-4764-BFE0-82D93BC18786}.Release|Any CPU.Build.0 = Release|Any CPU
	EndGlobalSection
	GlobalSection(SolutionProperties) = preSolution
		HideSolutionNode = FALSE
	EndGlobalSection
EndGlobal
